
Microsoft Visual Studio Solution File, Format Version 12.00
# Visual Studio Version 16
VisualStudioVersion = 16.0.31321.278
MinimumVisualStudioVersion = 10.0.40219.1
Project("{FAE04EC0-301F-11D3-BF4B-00C04F79EFBC}") = "Prueba_B_2", "Prueba_B_2\Prueba_B_2.csproj", "{3B68EFAC-07D3-4E69-8FA2-7492707334B3}"
EndProject
Global
	GlobalSection(SolutionConfigurationPlatforms) = preSolution
		Debug|Any CPU = Debug|Any CPU
		Release|Any CPU = Release|Any CPU
	EndGlobalSection
	GlobalSection(ProjectConfigurationPlatforms) = postSolution
		{3B68EFAC-07D3-4E69-8FA2-7492707334B3}.Debug|Any CPU.ActiveCfg = Debug|Any CPU
		{3B68EFAC-07D3-4E69-8FA2-7492707334B3}.Debug|Any CPU.Build.0 = Debug|Any CPU
		{3B68EFAC-07D3-4E69-8FA2-7492707334B3}.Release|Any CPU.ActiveCfg = Release|Any CPU
		{3B68EFAC-07D3-4E69-8FA2-7492707334B3}.Release|Any CPU.Build.0 = Release|Any CPU
	EndGlobalSection
	GlobalSection(SolutionProperties) = preSolution
		HideSolutionNode = FALSE
	EndGlobalSection
	GlobalSection(ExtensibilityGlobals) = postSolution
		SolutionGuid = {CA1AA433-C07D-4F20-8411-6888FA76F13C}
	EndGlobalSection
EndGlobal
